
Microsoft Visual Studio Solution File, Format Version 12.00
# Visual Studio Version 16
VisualStudioVersion = 16.0.34301.259
MinimumVisualStudioVersion = 10.0.40219.1
Project("{9A19103F-16F7-4668-BE54-9A1E7A4F7556}") = "EmployeeProject", "EmployeeProject\EmployeeProject.csproj", "{2F368E9E-6A15-4AB1-A1B9-7079C1D008C2}"
EndProject
Project("{9A19103F-16F7-4668-BE54-9A1E7A4F7556}") = "EntityLayer", "EntityLayer\EntityLayer.csproj", "{DFF66083-69DB-40DC-B9FE-AB0839E982C3}"
EndProject
Project("{9A19103F-16F7-4668-BE54-9A1E7A4F7556}") = "DataAccessLayer", "DataAccessLayer\DataAccessLayer.csproj", "{0D0F7FCE-1286-4AD2-9D95-C42B484B9479}"
EndProject
Project("{9A19103F-16F7-4668-BE54-9A1E7A4F7556}") = "BusinessLayer", "BusinessLayer\BusinessLayer.csproj", "{28D0266D-F313-451D-8FF7-69105D91F991}"
EndProject
Project("{9A19103F-16F7-4668-BE54-9A1E7A4F7556}") = "CoreLayer", "CoreLayer\CoreLayer.csproj", "{970E3B2D-9442-4472-9F8C-208E6060A99B}"
EndProject
Project("{FAE04EC0-301F-11D3-BF4B-00C04F79EFBC}") = "EmployeeApi", "EmployeeApi\EmployeeApi.csproj", "{4BE94ECF-B723-4DE2-8216-D72E7E1FC475}"
EndProject
Global
	GlobalSection(SolutionConfigurationPlatforms) = preSolution
		Debug|Any CPU = Debug|Any CPU
		Release|Any CPU = Release|Any CPU
	EndGlobalSection
	GlobalSection(ProjectConfigurationPlatforms) = postSolution
		{2F368E9E-6A15-4AB1-A1B9-7079C1D008C2}.Debug|Any CPU.ActiveCfg = Debug|Any CPU
		{2F368E9E-6A15-4AB1-A1B9-7079C1D008C2}.Debug|Any CPU.Build.0 = Debug|Any CPU
		{2F368E9E-6A15-4AB1-A1B9-7079C1D008C2}.Release|Any CPU.ActiveCfg = Release|Any CPU
		{2F368E9E-6A15-4AB1-A1B9-7079C1D008C2}.Release|Any CPU.Build.0 = Release|Any CPU
		{DFF66083-69DB-40DC-B9FE-AB0839E982C3}.Debug|Any CPU.ActiveCfg = Debug|Any CPU
		{DFF66083-69DB-40DC-B9FE-AB0839E982C3}.Debug|Any CPU.Build.0 = Debug|Any CPU
		{DFF66083-69DB-40DC-B9FE-AB0839E982C3}.Release|Any CPU.ActiveCfg = Release|Any CPU
		{DFF66083-69DB-40DC-B9FE-AB0839E982C3}.Release|Any CPU.Build.0 = Release|Any CPU
		{0D0F7FCE-1286-4AD2-9D95-C42B484B9479}.Debug|Any CPU.ActiveCfg = Debug|Any CPU
		{0D0F7FCE-1286-4AD2-9D95-C42B484B9479}.Debug|Any CPU.Build.0 = Debug|Any CPU
		{0D0F7FCE-1286-4AD2-9D95-C42B484B9479}.Release|Any CPU.ActiveCfg = Release|Any CPU
		{0D0F7FCE-1286-4AD2-9D95-C42B484B9479}.Release|Any CPU.Build.0 = Release|Any CPU
		{28D0266D-F313-451D-8FF7-69105D91F991}.Debug|Any CPU.ActiveCfg = Debug|Any CPU
		{28D0266D-F313-451D-8FF7-69105D91F991}.Debug|Any CPU.Build.0 = Debug|Any CPU
		{28D0266D-F313-451D-8FF7-69105D91F991}.Release|Any CPU.ActiveCfg = Release|Any CPU
		{28D0266D-F313-451D-8FF7-69105D91F991}.Release|Any CPU.Build.0 = Release|Any CPU
		{970E3B2D-9442-4472-9F8C-208E6060A99B}.Debug|Any CPU.ActiveCfg = Debug|Any CPU
		{970E3B2D-9442-4472-9F8C-208E6060A99B}.Debug|Any CPU.Build.0 = Debug|Any CPU
		{970E3B2D-9442-4472-9F8C-208E6060A99B}.Release|Any CPU.ActiveCfg = Release|Any CPU
		{970E3B2D-9442-4472-9F8C-208E6060A99B}.Release|Any CPU.Build.0 = Release|Any CPU
		{4BE94ECF-B723-4DE2-8216-D72E7E1FC475}.Debug|Any CPU.ActiveCfg = Debug|Any CPU
		{4BE94ECF-B723-4DE2-8216-D72E7E1FC475}.Debug|Any CPU.Build.0 = Debug|Any CPU
		{4BE94ECF-B723-4DE2-8216-D72E7E1FC475}.Release|Any CPU.ActiveCfg = Release|Any CPU
		{4BE94ECF-B723-4DE2-8216-D72E7E1FC475}.Release|Any CPU.Build.0 = Release|Any CPU
	EndGlobalSection
	GlobalSection(SolutionProperties) = preSolution
		HideSolutionNode = FALSE
	EndGlobalSection
	GlobalSection(ExtensibilityGlobals) = postSolution
		SolutionGuid = {DBE774C9-626C-4458-BE6D-046E0A98324C}
	EndGlobalSection
EndGlobal
